
Microsoft Visual Studio Solution File, Format Version 12.00
# Visual Studio Version 16
VisualStudioVersion = 16.0.30523.141
MinimumVisualStudioVersion = 10.0.40219.1
Project("{FAE04EC0-301F-11D3-BF4B-00C04F79EFBC}") = "MyFirstApp", "MyFirstApp.csproj", "{5C941E80-A34F-42F5-A42D-D70CB586A061}"
EndProject
Global
	GlobalSection(SolutionConfigurationPlatforms) = preSolution
		Debug|Any CPU = Debug|Any CPU
		Release|Any CPU = Release|Any CPU
	EndGlobalSection
	GlobalSection(ProjectConfigurationPlatforms) = postSolution
		{5C941E80-A34F-42F5-A42D-D70CB586A061}.Debug|Any CPU.ActiveCfg = Debug|Any CPU
		{5C941E80-A34F-42F5-A42D-D70CB586A061}.Debug|Any CPU.Build.0 = Debug|Any CPU
		{5C941E80-A34F-42F5-A42D-D70CB586A061}.Release|Any CPU.ActiveCfg = Release|Any CPU
		{5C941E80-A34F-42F5-A42D-D70CB586A061}.Release|Any CPU.Build.0 = Release|Any CPU
	EndGlobalSection
	GlobalSection(SolutionProperties) = preSolution
		HideSolutionNode = FALSE
	EndGlobalSection
	GlobalSection(ExtensibilityGlobals) = postSolution
		SolutionGuid = {4CD42132-49AA-4309-9766-9D121AFD6D27}
	EndGlobalSection
EndGlobal
